
Microsoft Visual Studio Solution File, Format Version 12.00
# Visual Studio 15
Project("{FAE04EC0-301F-11D3-BF4B-00C04F79EFBC}") = "MusicHax", "MusicHax\MusicHax.csproj", "{9263CC34-2695-47FB-8396-B33D69365DE6}"
EndProject
Project("{FAE04EC0-301F-11D3-BF4B-00C04F79EFBC}") = "ASMRewriter", "ASMRewriter\ASMRewriter.csproj", "{620D9065-9E7D-4219-945E-894E5D7503C1}"
EndProject
Global
	GlobalSection(SolutionConfigurationPlatforms) = preSolution
		Debug|Any CPU = Debug|Any CPU
		Release|Any CPU = Release|Any CPU
	EndGlobalSection
	GlobalSection(ProjectConfigurationPlatforms) = postSolution
		{9263CC34-2695-47FB-8396-B33D69365DE6}.Debug|Any CPU.ActiveCfg = Debug|Any CPU
		{9263CC34-2695-47FB-8396-B33D69365DE6}.Debug|Any CPU.Build.0 = Debug|Any CPU
		{9263CC34-2695-47FB-8396-B33D69365DE6}.Release|Any CPU.ActiveCfg = Release|Any CPU
		{9263CC34-2695-47FB-8396-B33D69365DE6}.Release|Any CPU.Build.0 = Release|Any CPU
		{620D9065-9E7D-4219-945E-894E5D7503C1}.Debug|Any CPU.ActiveCfg = Debug|Any CPU
		{620D9065-9E7D-4219-945E-894E5D7503C1}.Debug|Any CPU.Build.0 = Debug|Any CPU
		{620D9065-9E7D-4219-945E-894E5D7503C1}.Release|Any CPU.ActiveCfg = Release|Any CPU
		{620D9065-9E7D-4219-945E-894E5D7503C1}.Release|Any CPU.Build.0 = Release|Any CPU
	EndGlobalSection
EndGlobal
